{
  "version": 4,
  "terraform_version": "1.5.7",
  "serial": 18,
  "lineage": "d917777b-1e91-d686-3ecb-e7eb7b784213",
  "outputs": {
    "all-availability-domains-in-your-tenancy": {
      "value": [
        {
          "compartment_id": "ocid1.compartment.oc1..aaaaaaaaz362qxneyuw7vialsglurkwrr47aa55dmqctpb42tlcppcto5y6q",
          "id": "ocid1.availabilitydomain.oc1..aaaaaaaaztunlny6ae4yw2vghp5go2zceaonwp6wiioe3tnh2vlaxjjl2n3a",
          "name": "vzAG:US-ASHBURN-AD-1"
        },
        {
          "compartment_id": "ocid1.compartment.oc1..aaaaaaaaz362qxneyuw7vialsglurkwrr47aa55dmqctpb42tlcppcto5y6q",
          "id": "ocid1.availabilitydomain.oc1..aaaaaaaauvt2n7pijol7uqgdnnsoojcukrijtmcltvfwxazmitk235wyohta",
          "name": "vzAG:US-ASHBURN-AD-2"
        },
        {
          "compartment_id": "ocid1.compartment.oc1..aaaaaaaaz362qxneyuw7vialsglurkwrr47aa55dmqctpb42tlcppcto5y6q",
          "id": "ocid1.availabilitydomain.oc1..aaaaaaaatrwxaogr7dl4yschqtrmqrdv6uzis3mgbnomiagqrfhcb7mxsfdq",
          "name": "vzAG:US-ASHBURN-AD-3"
        }
      ],
      "type": [
        "list",
        [
          "object",
          {
            "compartment_id": "string",
            "id": "string",
            "name": "string"
          }
        ]
      ]
    },
    "id-for-for-route-table-that-includs-the-nat-gateway": {
      "value": "ocid1.routetable.oc1.iad.aaaaaaaat376bpa2qjgsyjjh3qag33pmcvg2pfjguss3rxaagvv2edhymhzq",
      "type": "string"
    },
    "id-for-route-table-that-includes-the-internet-gateway": {
      "value": "ocid1.routetable.oc1.iad.aaaaaaaatxk6oy4ptltr63i3mtxrmja4bkkt52aukrjdwhytb5fm3afn6tza",
      "type": "string"
    },
    "private-security-list-OCID": {
      "value": "ocid1.securitylist.oc1.iad.aaaaaaaa3abpvwxp5jswg6gatq4net7t46arnlbpcuy72so4b52hl3uq3csq",
      "type": "string"
    },
    "private-security-list-name": {
      "value": "security-list-for-private-subnet",
      "type": "string"
    },
    "private-subnet-OCID": {
      "value": "ocid1.subnet.oc1.iad.aaaaaaaatln77yddqfbeo2cgcdiiv3jxvswutwviinxeig6e5kwks3k35jwa",
      "type": "string"
    },
    "private-subnet-name": {
      "value": "private-subnet",
      "type": "string"
    },
    "public-security-list-name": {
      "value": "security-list-for-public-subnet",
      "type": "string"
    },
    "public-security-list_OCID": {
      "value": "ocid1.securitylist.oc1.iad.aaaaaaaaiybxcgzaho3casbyxm3tjjmfrn35ybliarodnf3o6gx5okhjz5ya",
      "type": "string"
    },
    "public-subnet-OCID": {
      "value": "ocid1.subnet.oc1.iad.aaaaaaaaxprsn6bp7rpc7wdtcdr43vmsidojtm4mouedoayzahgy34ir5cza",
      "type": "string"
    },
    "public-subnet-name": {
      "value": "public-subnet",
      "type": "string"
    },
    "vcn_id": {
      "value": "ocid1.vcn.oc1.iad.amaaaaaa3vux2giak5zeu5rq5nj5bdkzegfuyulnqdtg4rcwjdnhtpa5kx2a",
      "type": "string"
    }
  },
  "resources": [
    {
      "mode": "data",
      "type": "oci_identity_availability_domains",
      "name": "ad1",
      "provider": "provider[\"registry.terraform.io/hashicorp/oci\"]",
      "instances": [
        {
          "schema_version": 0,
          "attributes": {
            "availability_domains": [
              {
                "compartment_id": "ocid1.compartment.oc1..aaaaaaaaz362qxneyuw7vialsglurkwrr47aa55dmqctpb42tlcppcto5y6q",
                "id": "ocid1.availabilitydomain.oc1..aaaaaaaaztunlny6ae4yw2vghp5go2zceaonwp6wiioe3tnh2vlaxjjl2n3a",
                "name": "vzAG:US-ASHBURN-AD-1"
              },
              {
                "compartment_id": "ocid1.compartment.oc1..aaaaaaaaz362qxneyuw7vialsglurkwrr47aa55dmqctpb42tlcppcto5y6q",
                "id": "ocid1.availabilitydomain.oc1..aaaaaaaauvt2n7pijol7uqgdnnsoojcukrijtmcltvfwxazmitk235wyohta",
                "name": "vzAG:US-ASHBURN-AD-2"
              },
              {
                "compartment_id": "ocid1.compartment.oc1..aaaaaaaaz362qxneyuw7vialsglurkwrr47aa55dmqctpb42tlcppcto5y6q",
                "id": "ocid1.availabilitydomain.oc1..aaaaaaaatrwxaogr7dl4yschqtrmqrdv6uzis3mgbnomiagqrfhcb7mxsfdq",
                "name": "vzAG:US-ASHBURN-AD-3"
              }
            ],
            "compartment_id": "ocid1.compartment.oc1..aaaaaaaaz362qxneyuw7vialsglurkwrr47aa55dmqctpb42tlcppcto5y6q",
            "filter": null,
            "id": "IdentityAvailabilityDomainsDataSource-1263421573"
          },
          "sensitive_attributes": []
        }
      ]
    },
    {
      "mode": "data",
      "type": "oci_identity_availability_domains",
      "name": "ads",
      "provider": "provider[\"registry.terraform.io/hashicorp/oci\"]",
      "instances": [
        {
          "schema_version": 0,
          "attributes": {
            "availability_domains": [
              {
                "compartment_id": "ocid1.compartment.oc1..aaaaaaaaz362qxneyuw7vialsglurkwrr47aa55dmqctpb42tlcppcto5y6q",
                "id": "ocid1.availabilitydomain.oc1..aaaaaaaaztunlny6ae4yw2vghp5go2zceaonwp6wiioe3tnh2vlaxjjl2n3a",
                "name": "vzAG:US-ASHBURN-AD-1"
              },
              {
                "compartment_id": "ocid1.compartment.oc1..aaaaaaaaz362qxneyuw7vialsglurkwrr47aa55dmqctpb42tlcppcto5y6q",
                "id": "ocid1.availabilitydomain.oc1..aaaaaaaauvt2n7pijol7uqgdnnsoojcukrijtmcltvfwxazmitk235wyohta",
                "name": "vzAG:US-ASHBURN-AD-2"
              },
              {
                "compartment_id": "ocid1.compartment.oc1..aaaaaaaaz362qxneyuw7vialsglurkwrr47aa55dmqctpb42tlcppcto5y6q",
                "id": "ocid1.availabilitydomain.oc1..aaaaaaaatrwxaogr7dl4yschqtrmqrdv6uzis3mgbnomiagqrfhcb7mxsfdq",
                "name": "vzAG:US-ASHBURN-AD-3"
              }
            ],
            "compartment_id": "ocid1.compartment.oc1..aaaaaaaaz362qxneyuw7vialsglurkwrr47aa55dmqctpb42tlcppcto5y6q",
            "filter": null,
            "id": "IdentityAvailabilityDomainsDataSource-1263421573"
          },
          "sensitive_attributes": []
        }
      ]
    },
    {
      "mode": "managed",
      "type": "oci_containerengine_cluster",
      "name": "oke-cluster",
      "provider": "provider[\"registry.terraform.io/hashicorp/oci\"]",
      "instances": [
        {
          "schema_version": 0,
          "attributes": {
            "available_kubernetes_upgrades": [
              "v1.25.12",
              "v1.26.2",
              "v1.26.7"
            ],
            "cluster_pod_network_options": [
              {
                "cni_type": "FLANNEL_OVERLAY"
              }
            ],
            "compartment_id": "ocid1.compartment.oc1..aaaaaaaaz362qxneyuw7vialsglurkwrr47aa55dmqctpb42tlcppcto5y6q",
            "defined_tags": {
              "GlobalNS.root_username_tag": "oracleidentitycloudservice/joshua.fordyce@oracle.com"
            },
            "endpoint_config": [],
            "endpoints": [
              {
                "kubernetes": "130.35.147.254:6443",
                "private_endpoint": "",
                "public_endpoint": "",
                "vcn_hostname_endpoint": ""
              }
            ],
            "freeform_tags": {},
            "id": "ocid1.cluster.oc1.iad.aaaaaaaaqnsiojud3hoowgiwx2vq2pydblpdgptba3mogqayicagb7ueqpbq",
            "image_policy_config": [
              {
                "is_policy_enabled": false,
                "key_details": []
              }
            ],
            "kms_key_id": null,
            "kubernetes_version": "v1.25.4",
            "lifecycle_details": null,
            "metadata": [
              {
                "created_by_user_id": "ocid1.saml2idp.oc1..aaaaaaaa3333jhlltd6r5eawicz4mfid3ej33kxpydegbr6uuyifozwlla7a/JOSHUA.FORDYCE@ORACLE.COM",
                "created_by_work_request_id": "ocid1.clustersworkrequest.oc1.iad.aaaaaaaa2bvqfeb354bmnbiijpicm3ctnkjal677sq2jhwiktwl6kqygzylq",
                "deleted_by_user_id": "",
                "deleted_by_work_request_id": "",
                "time_created": "2023-12-10 03:08:51 +0000 UTC",
                "time_credential_expiration": "2028-12-10 03:10:00 +0000 UTC",
                "time_deleted": "",
                "time_updated": "",
                "updated_by_user_id": "",
                "updated_by_work_request_id": ""
              }
            ],
            "name": "PracticeCluster",
            "options": [
              {
                "add_ons": [
                  {
                    "is_kubernetes_dashboard_enabled": false,
                    "is_tiller_enabled": false
                  }
                ],
                "admission_controller_options": [
                  {
                    "is_pod_security_policy_enabled": false
                  }
                ],
                "kubernetes_network_config": [
                  {
                    "pods_cidr": "10.244.0.0/16",
                    "services_cidr": "10.96.0.0/16"
                  }
                ],
                "persistent_volume_config": [
                  {
                    "defined_tags": {},
                    "freeform_tags": {}
                  }
                ],
                "service_lb_config": [
                  {
                    "defined_tags": {},
                    "freeform_tags": {}
                  }
                ],
                "service_lb_subnet_ids": [
                  "ocid1.subnet.oc1.iad.aaaaaaaaxprsn6bp7rpc7wdtcdr43vmsidojtm4mouedoayzahgy34ir5cza"
                ]
              }
            ],
            "state": "ACTIVE",
            "timeouts": null,
            "type": "BASIC_CLUSTER",
            "vcn_id": "ocid1.vcn.oc1.iad.amaaaaaa3vux2giak5zeu5rq5nj5bdkzegfuyulnqdtg4rcwjdnhtpa5kx2a"
          },
          "sensitive_attributes": [],
          "private": "eyJlMmJmYjczMC1lY2FhLTExZTYtOGY4OC0zNDM2M2JjN2M0YzAiOnsiY3JlYXRlIjozNjAwMDAwMDAwMDAwLCJkZWxldGUiOjM2MDAwMDAwMDAwMDAsInVwZGF0ZSI6MzYwMDAwMDAwMDAwMH19",
          "dependencies": [
            "module.vcn.oci_core_vcn.vcn",
            "oci_core_subnet.vcn-public-subnet"
          ]
        }
      ]
    },
    {
      "mode": "managed",
      "type": "oci_core_security_list",
      "name": "private-security-list",
      "provider": "provider[\"registry.terraform.io/hashicorp/oci\"]",
      "instances": [
        {
          "schema_version": 0,
          "attributes": {
            "compartment_id": "ocid1.compartment.oc1..aaaaaaaaz362qxneyuw7vialsglurkwrr47aa55dmqctpb42tlcppcto5y6q",
            "defined_tags": {
              "GlobalNS.root_username_tag": "oracleidentitycloudservice/joshua.fordyce@oracle.com"
            },
            "display_name": "security-list-for-private-subnet",
            "egress_security_rules": [
              {
                "description": "",
                "destination": "0.0.0.0/0",
                "destination_type": "CIDR_BLOCK",
                "icmp_options": [],
                "protocol": "all",
                "stateless": false,
                "tcp_options": [],
                "udp_options": []
              }
            ],
            "freeform_tags": {},
            "id": "ocid1.securitylist.oc1.iad.aaaaaaaa3abpvwxp5jswg6gatq4net7t46arnlbpcuy72so4b52hl3uq3csq",
            "ingress_security_rules": [
              {
                "description": "",
                "icmp_options": [
                  {
                    "code": -1,
                    "type": 3
                  }
                ],
                "protocol": "1",
                "source": "10.0.0.0/16",
                "source_type": "CIDR_BLOCK",
                "stateless": false,
                "tcp_options": [],
                "udp_options": []
              },
              {
                "description": "",
                "icmp_options": [
                  {
                    "code": 4,
                    "type": 3
                  }
                ],
                "protocol": "1",
                "source": "0.0.0.0/0",
                "source_type": "CIDR_BLOCK",
                "stateless": false,
                "tcp_options": [],
                "udp_options": []
              },
              {
                "description": "",
                "icmp_options": [],
                "protocol": "6",
                "source": "10.0.0.0/16",
                "source_type": "CIDR_BLOCK",
                "stateless": false,
                "tcp_options": [
                  {
                    "max": 22,
                    "min": 22,
                    "source_port_range": []
                  }
                ],
                "udp_options": []
              }
            ],
            "state": "AVAILABLE",
            "time_created": "2023-12-10 03:04:09.519 +0000 UTC",
            "timeouts": null,
            "vcn_id": "ocid1.vcn.oc1.iad.amaaaaaa3vux2giak5zeu5rq5nj5bdkzegfuyulnqdtg4rcwjdnhtpa5kx2a"
          },
          "sensitive_attributes": [],
          "private": "eyJlMmJmYjczMC1lY2FhLTExZTYtOGY4OC0zNDM2M2JjN2M0YzAiOnsiY3JlYXRlIjoxMjAwMDAwMDAwMDAwLCJkZWxldGUiOjEyMDAwMDAwMDAwMDAsInVwZGF0ZSI6MTIwMDAwMDAwMDAwMH19",
          "dependencies": [
            "module.vcn.oci_core_vcn.vcn"
          ]
        }
      ]
    },
    {
      "mode": "managed",
      "type": "oci_core_security_list",
      "name": "public-security-list",
      "provider": "provider[\"registry.terraform.io/hashicorp/oci\"]",
      "instances": [
        {
          "schema_version": 0,
          "attributes": {
            "compartment_id": "ocid1.compartment.oc1..aaaaaaaaz362qxneyuw7vialsglurkwrr47aa55dmqctpb42tlcppcto5y6q",
            "defined_tags": {
              "GlobalNS.root_username_tag": "oracleidentitycloudservice/joshua.fordyce@oracle.com"
            },
            "display_name": "security-list-for-public-subnet",
            "egress_security_rules": [
              {
                "description": "",
                "destination": "0.0.0.0/0",
                "destination_type": "CIDR_BLOCK",
                "icmp_options": [],
                "protocol": "all",
                "stateless": false,
                "tcp_options": [],
                "udp_options": []
              }
            ],
            "freeform_tags": {},
            "id": "ocid1.securitylist.oc1.iad.aaaaaaaaiybxcgzaho3casbyxm3tjjmfrn35ybliarodnf3o6gx5okhjz5ya",
            "ingress_security_rules": [
              {
                "description": "",
                "icmp_options": [
                  {
                    "code": -1,
                    "type": 3
                  }
                ],
                "protocol": "1",
                "source": "10.0.0.0/16",
                "source_type": "CIDR_BLOCK",
                "stateless": false,
                "tcp_options": [],
                "udp_options": []
              },
              {
                "description": "",
                "icmp_options": [
                  {
                    "code": 4,
                    "type": 3
                  }
                ],
                "protocol": "1",
                "source": "0.0.0.0/0",
                "source_type": "CIDR_BLOCK",
                "stateless": false,
                "tcp_options": [],
                "udp_options": []
              },
              {
                "description": "",
                "icmp_options": [],
                "protocol": "6",
                "source": "0.0.0.0/0",
                "source_type": "CIDR_BLOCK",
                "stateless": false,
                "tcp_options": [
                  {
                    "max": 22,
                    "min": 22,
                    "source_port_range": []
                  }
                ],
                "udp_options": []
              }
            ],
            "state": "AVAILABLE",
            "time_created": "2023-12-10 03:04:09.526 +0000 UTC",
            "timeouts": null,
            "vcn_id": "ocid1.vcn.oc1.iad.amaaaaaa3vux2giak5zeu5rq5nj5bdkzegfuyulnqdtg4rcwjdnhtpa5kx2a"
          },
          "sensitive_attributes": [],
          "private": "eyJlMmJmYjczMC1lY2FhLTExZTYtOGY4OC0zNDM2M2JjN2M0YzAiOnsiY3JlYXRlIjoxMjAwMDAwMDAwMDAwLCJkZWxldGUiOjEyMDAwMDAwMDAwMDAsInVwZGF0ZSI6MTIwMDAwMDAwMDAwMH19",
          "dependencies": [
            "module.vcn.oci_core_vcn.vcn"
          ]
        }
      ]
    },
    {
      "mode": "managed",
      "type": "oci_core_subnet",
      "name": "vcn-private-subnet",
      "provider": "provider[\"registry.terraform.io/hashicorp/oci\"]",
      "instances": [
        {
          "schema_version": 0,
          "attributes": {
            "availability_domain": null,
            "cidr_block": "10.0.1.0/24",
            "compartment_id": "ocid1.compartment.oc1..aaaaaaaaz362qxneyuw7vialsglurkwrr47aa55dmqctpb42tlcppcto5y6q",
            "defined_tags": {
              "GlobalNS.root_username_tag": "oracleidentitycloudservice/joshua.fordyce@oracle.com"
            },
            "dhcp_options_id": "ocid1.dhcpoptions.oc1.iad.aaaaaaaaavtj6ui6krr4g5m3k72ynz3kilvxwusxhcccc5umpnol2dzppywq",
            "display_name": "private-subnet",
            "dns_label": null,
            "freeform_tags": {},
            "id": "ocid1.subnet.oc1.iad.aaaaaaaatln77yddqfbeo2cgcdiiv3jxvswutwviinxeig6e5kwks3k35jwa",
            "ipv6cidr_block": null,
            "ipv6cidr_blocks": [],
            "ipv6virtual_router_ip": null,
            "prohibit_internet_ingress": false,
            "prohibit_public_ip_on_vnic": false,
            "route_table_id": "ocid1.routetable.oc1.iad.aaaaaaaat376bpa2qjgsyjjh3qag33pmcvg2pfjguss3rxaagvv2edhymhzq",
            "security_list_ids": [
              "ocid1.securitylist.oc1.iad.aaaaaaaa3abpvwxp5jswg6gatq4net7t46arnlbpcuy72so4b52hl3uq3csq"
            ],
            "state": "AVAILABLE",
            "subnet_domain_name": null,
            "time_created": "2023-12-10 03:04:12.655 +0000 UTC",
            "timeouts": null,
            "vcn_id": "ocid1.vcn.oc1.iad.amaaaaaa3vux2giak5zeu5rq5nj5bdkzegfuyulnqdtg4rcwjdnhtpa5kx2a",
            "virtual_router_ip": "10.0.1.1",
            "virtual_router_mac": "00:00:17:C1:FA:47"
          },
          "sensitive_attributes": [],
          "private": "eyJlMmJmYjczMC1lY2FhLTExZTYtOGY4OC0zNDM2M2JjN2M0YzAiOnsiY3JlYXRlIjoxMjAwMDAwMDAwMDAwLCJkZWxldGUiOjEyMDAwMDAwMDAwMDAsInVwZGF0ZSI6MTIwMDAwMDAwMDAwMH19",
          "dependencies": [
            "module.vcn.data.oci_core_services.all_oci_services",
            "module.vcn.module.drg_from_vcn_module.oci_core_drg.drg",
            "module.vcn.oci_core_nat_gateway.nat_gateway",
            "module.vcn.oci_core_route_table.nat",
            "module.vcn.oci_core_service_gateway.service_gateway",
            "module.vcn.oci_core_vcn.vcn",
            "oci_core_security_list.private-security-list"
          ]
        }
      ]
    },
    {
      "mode": "managed",
      "type": "oci_core_subnet",
      "name": "vcn-public-subnet",
      "provider": "provider[\"registry.terraform.io/hashicorp/oci\"]",
      "instances": [
        {
          "schema_version": 0,
          "attributes": {
            "availability_domain": null,
            "cidr_block": "10.0.0.0/24",
            "compartment_id": "ocid1.compartment.oc1..aaaaaaaaz362qxneyuw7vialsglurkwrr47aa55dmqctpb42tlcppcto5y6q",
            "defined_tags": {
              "GlobalNS.root_username_tag": "oracleidentitycloudservice/joshua.fordyce@oracle.com"
            },
            "dhcp_options_id": "ocid1.dhcpoptions.oc1.iad.aaaaaaaaavtj6ui6krr4g5m3k72ynz3kilvxwusxhcccc5umpnol2dzppywq",
            "display_name": "public-subnet",
            "dns_label": null,
            "freeform_tags": {},
            "id": "ocid1.subnet.oc1.iad.aaaaaaaaxprsn6bp7rpc7wdtcdr43vmsidojtm4mouedoayzahgy34ir5cza",
            "ipv6cidr_block": null,
            "ipv6cidr_blocks": [],
            "ipv6virtual_router_ip": null,
            "prohibit_internet_ingress": false,
            "prohibit_public_ip_on_vnic": false,
            "route_table_id": "ocid1.routetable.oc1.iad.aaaaaaaatxk6oy4ptltr63i3mtxrmja4bkkt52aukrjdwhytb5fm3afn6tza",
            "security_list_ids": [
              "ocid1.securitylist.oc1.iad.aaaaaaaaiybxcgzaho3casbyxm3tjjmfrn35ybliarodnf3o6gx5okhjz5ya"
            ],
            "state": "AVAILABLE",
            "subnet_domain_name": null,
            "time_created": "2023-12-10 03:04:10.47 +0000 UTC",
            "timeouts": null,
            "vcn_id": "ocid1.vcn.oc1.iad.amaaaaaa3vux2giak5zeu5rq5nj5bdkzegfuyulnqdtg4rcwjdnhtpa5kx2a",
            "virtual_router_ip": "10.0.0.1",
            "virtual_router_mac": "00:00:17:C1:FA:47"
          },
          "sensitive_attributes": [],
          "private": "eyJlMmJmYjczMC1lY2FhLTExZTYtOGY4OC0zNDM2M2JjN2M0YzAiOnsiY3JlYXRlIjoxMjAwMDAwMDAwMDAwLCJkZWxldGUiOjEyMDAwMDAwMDAwMDAsInVwZGF0ZSI6MTIwMDAwMDAwMDAwMH19",
          "dependencies": [
            "module.vcn.module.drg_from_vcn_module.oci_core_drg.drg",
            "module.vcn.oci_core_internet_gateway.ig",
            "module.vcn.oci_core_route_table.ig",
            "module.vcn.oci_core_vcn.vcn",
            "oci_core_security_list.public-security-list"
          ]
        }
      ]
    },
    {
      "module": "module.vcn",
      "mode": "data",
      "type": "oci_core_services",
      "name": "all_oci_services",
      "provider": "provider[\"registry.terraform.io/hashicorp/oci\"]",
      "instances": [
        {
          "index_key": 0,
          "schema_version": 0,
          "attributes": {
            "filter": [
              {
                "name": "name",
                "regex": true,
                "values": [
                  "All .* Services In Oracle Services Network"
                ]
              }
            ],
            "id": "CoreServicesDataSource-0",
            "services": [
              {
                "cidr_block": "all-iad-services-in-oracle-services-network",
                "description": "All IAD Services In Oracle Services Network",
                "id": "ocid1.service.oc1.iad.aaaaaaaam4zfmy2rjue6fmglumm3czgisxzrnvrwqeodtztg7hwa272mlfna",
                "name": "All IAD Services In Oracle Services Network"
              }
            ]
          },
          "sensitive_attributes": []
        }
      ]
    },
    {
      "module": "module.vcn",
      "mode": "managed",
      "type": "oci_core_default_security_list",
      "name": "lockdown",
      "provider": "provider[\"registry.terraform.io/hashicorp/oci\"]",
      "instances": [
        {
          "index_key": 0,
          "schema_version": 0,
          "attributes": {
            "compartment_id": "ocid1.compartment.oc1..aaaaaaaaz362qxneyuw7vialsglurkwrr47aa55dmqctpb42tlcppcto5y6q",
            "defined_tags": {
              "GlobalNS.root_username_tag": "oracleidentitycloudservice/joshua.fordyce@oracle.com"
            },
            "display_name": "Default Security List for vcn-module",
            "egress_security_rules": [],
            "freeform_tags": {
              "module": "oracle-terraform-modules/vcn/oci",
              "terraformed": "Please do not edit manually"
            },
            "id": "ocid1.securitylist.oc1.iad.aaaaaaaagjo3ig5cbbfjrx4j2rcgf5qlpj3t66dn752kiqjduorcs2fw4kmq",
            "ingress_security_rules": [],
            "manage_default_resource_id": "ocid1.securitylist.oc1.iad.aaaaaaaagjo3ig5cbbfjrx4j2rcgf5qlpj3t66dn752kiqjduorcs2fw4kmq",
            "state": "AVAILABLE",
            "time_created": "2023-12-10 03:04:08.793 +0000 UTC",
            "timeouts": null
          },
          "sensitive_attributes": [],
          "private": "eyJlMmJmYjczMC1lY2FhLTExZTYtOGY4OC0zNDM2M2JjN2M0YzAiOnsiY3JlYXRlIjoxMjAwMDAwMDAwMDAwLCJkZWxldGUiOjEyMDAwMDAwMDAwMDAsInVwZGF0ZSI6MTIwMDAwMDAwMDAwMH19",
          "dependencies": [
            "module.vcn.oci_core_vcn.vcn"
          ]
        }
      ]
    },
    {
      "module": "module.vcn",
      "mode": "managed",
      "type": "oci_core_internet_gateway",
      "name": "ig",
      "provider": "provider[\"registry.terraform.io/hashicorp/oci\"]",
      "instances": [
        {
          "index_key": 0,
          "schema_version": 0,
          "attributes": {
            "compartment_id": "ocid1.compartment.oc1..aaaaaaaaz362qxneyuw7vialsglurkwrr47aa55dmqctpb42tlcppcto5y6q",
            "defined_tags": {
              "GlobalNS.root_username_tag": "oracleidentitycloudservice/joshua.fordyce@oracle.com"
            },
            "display_name": "internet-gateway",
            "enabled": true,
            "freeform_tags": {
              "module": "oracle-terraform-modules/vcn/oci",
              "terraformed": "Please do not edit manually"
            },
            "id": "ocid1.internetgateway.oc1.iad.aaaaaaaa3b55lozzxujgwj3stggbshh2mjp7t2rcgpgbod6i7xqw2zzu3frq",
            "route_table_id": null,
            "state": "AVAILABLE",
            "time_created": "2023-12-10 03:04:09.505 +0000 UTC",
            "timeouts": null,
            "vcn_id": "ocid1.vcn.oc1.iad.amaaaaaa3vux2giak5zeu5rq5nj5bdkzegfuyulnqdtg4rcwjdnhtpa5kx2a"
          },
          "sensitive_attributes": [],
          "private": "eyJlMmJmYjczMC1lY2FhLTExZTYtOGY4OC0zNDM2M2JjN2M0YzAiOnsiY3JlYXRlIjoxMjAwMDAwMDAwMDAwLCJkZWxldGUiOjEyMDAwMDAwMDAwMDAsInVwZGF0ZSI6MTIwMDAwMDAwMDAwMH19",
          "dependencies": [
            "module.vcn.oci_core_vcn.vcn"
          ]
        }
      ]
    },
    {
      "module": "module.vcn",
      "mode": "managed",
      "type": "oci_core_nat_gateway",
      "name": "nat_gateway",
      "provider": "provider[\"registry.terraform.io/hashicorp/oci\"]",
      "instances": [
        {
          "index_key": 0,
          "schema_version": 0,
          "attributes": {
            "block_traffic": false,
            "compartment_id": "ocid1.compartment.oc1..aaaaaaaaz362qxneyuw7vialsglurkwrr47aa55dmqctpb42tlcppcto5y6q",
            "defined_tags": {
              "GlobalNS.root_username_tag": "oracleidentitycloudservice/joshua.fordyce@oracle.com"
            },
            "display_name": "nat-gateway",
            "freeform_tags": {
              "module": "oracle-terraform-modules/vcn/oci",
              "terraformed": "Please do not edit manually"
            },
            "id": "ocid1.natgateway.oc1.iad.aaaaaaaa3gwpqbqq3az2atvcn23mkatk76fhyknb3jsslmzfba67ndxc4ukq",
            "nat_ip": "129.153.129.22",
            "public_ip_id": "ocid1.publicip.oc1.iad.aaaaaaaa6lkng5d5zx3mdoozqswop2tckxyvqbi6qkinkvehhs5ruhsnfksq",
            "route_table_id": null,
            "state": "AVAILABLE",
            "time_created": "2023-12-10 03:04:09.859 +0000 UTC",
            "timeouts": null,
            "vcn_id": "ocid1.vcn.oc1.iad.amaaaaaa3vux2giak5zeu5rq5nj5bdkzegfuyulnqdtg4rcwjdnhtpa5kx2a"
          },
          "sensitive_attributes": [],
          "private": "eyJlMmJmYjczMC1lY2FhLTExZTYtOGY4OC0zNDM2M2JjN2M0YzAiOnsiY3JlYXRlIjoxMjAwMDAwMDAwMDAwLCJkZWxldGUiOjEyMDAwMDAwMDAwMDAsInVwZGF0ZSI6MTIwMDAwMDAwMDAwMH19",
          "dependencies": [
            "module.vcn.oci_core_vcn.vcn"
          ]
        }
      ]
    },
    {
      "module": "module.vcn",
      "mode": "managed",
      "type": "oci_core_route_table",
      "name": "ig",
      "provider": "provider[\"registry.terraform.io/hashicorp/oci\"]",
      "instances": [
        {
          "index_key": 0,
          "schema_version": 0,
          "attributes": {
            "compartment_id": "ocid1.compartment.oc1..aaaaaaaaz362qxneyuw7vialsglurkwrr47aa55dmqctpb42tlcppcto5y6q",
            "defined_tags": {
              "GlobalNS.root_username_tag": "oracleidentitycloudservice/joshua.fordyce@oracle.com"
            },
            "display_name": "internet-route",
            "freeform_tags": {
              "module": "oracle-terraform-modules/vcn/oci",
              "terraformed": "Please do not edit manually"
            },
            "id": "ocid1.routetable.oc1.iad.aaaaaaaatxk6oy4ptltr63i3mtxrmja4bkkt52aukrjdwhytb5fm3afn6tza",
            "route_rules": [
              {
                "cidr_block": "",
                "description": "Terraformed - Auto-generated at Internet Gateway creation: Internet Gateway as default gateway",
                "destination": "0.0.0.0/0",
                "destination_type": "CIDR_BLOCK",
                "network_entity_id": "ocid1.internetgateway.oc1.iad.aaaaaaaa3b55lozzxujgwj3stggbshh2mjp7t2rcgpgbod6i7xqw2zzu3frq",
                "route_type": ""
              }
            ],
            "state": "AVAILABLE",
            "time_created": "2023-12-10 03:04:09.997 +0000 UTC",
            "timeouts": null,
            "vcn_id": "ocid1.vcn.oc1.iad.amaaaaaa3vux2giak5zeu5rq5nj5bdkzegfuyulnqdtg4rcwjdnhtpa5kx2a"
          },
          "sensitive_attributes": [],
          "private": "eyJlMmJmYjczMC1lY2FhLTExZTYtOGY4OC0zNDM2M2JjN2M0YzAiOnsiY3JlYXRlIjoxMjAwMDAwMDAwMDAwLCJkZWxldGUiOjEyMDAwMDAwMDAwMDAsInVwZGF0ZSI6MTIwMDAwMDAwMDAwMH19",
          "dependencies": [
            "module.vcn.module.drg_from_vcn_module.oci_core_drg.drg",
            "module.vcn.oci_core_internet_gateway.ig",
            "module.vcn.oci_core_vcn.vcn"
          ]
        }
      ]
    },
    {
      "module": "module.vcn",
      "mode": "managed",
      "type": "oci_core_route_table",
      "name": "nat",
      "provider": "provider[\"registry.terraform.io/hashicorp/oci\"]",
      "instances": [
        {
          "index_key": 0,
          "schema_version": 0,
          "attributes": {
            "compartment_id": "ocid1.compartment.oc1..aaaaaaaaz362qxneyuw7vialsglurkwrr47aa55dmqctpb42tlcppcto5y6q",
            "defined_tags": {
              "GlobalNS.root_username_tag": "oracleidentitycloudservice/joshua.fordyce@oracle.com"
            },
            "display_name": "nat-route",
            "freeform_tags": {
              "module": "oracle-terraform-modules/vcn/oci",
              "terraformed": "Please do not edit manually"
            },
            "id": "ocid1.routetable.oc1.iad.aaaaaaaat376bpa2qjgsyjjh3qag33pmcvg2pfjguss3rxaagvv2edhymhzq",
            "route_rules": [
              {
                "cidr_block": "",
                "description": "Terraformed - Auto-generated at NAT Gateway creation: NAT Gateway as default gateway",
                "destination": "0.0.0.0/0",
                "destination_type": "CIDR_BLOCK",
                "network_entity_id": "ocid1.natgateway.oc1.iad.aaaaaaaa3gwpqbqq3az2atvcn23mkatk76fhyknb3jsslmzfba67ndxc4ukq",
                "route_type": ""
              },
              {
                "cidr_block": "",
                "description": "Terraformed - Auto-generated at Service Gateway creation: All Services in region to Service Gateway",
                "destination": "all-iad-services-in-oracle-services-network",
                "destination_type": "SERVICE_CIDR_BLOCK",
                "network_entity_id": "ocid1.servicegateway.oc1.iad.aaaaaaaavw6zth7t2mnfdq2hyqsorq6v5wwewukgpzpf5avpjudjr33micka",
                "route_type": ""
              }
            ],
            "state": "AVAILABLE",
            "time_created": "2023-12-10 03:04:12.168 +0000 UTC",
            "timeouts": null,
            "vcn_id": "ocid1.vcn.oc1.iad.amaaaaaa3vux2giak5zeu5rq5nj5bdkzegfuyulnqdtg4rcwjdnhtpa5kx2a"
          },
          "sensitive_attributes": [],
          "private": "eyJlMmJmYjczMC1lY2FhLTExZTYtOGY4OC0zNDM2M2JjN2M0YzAiOnsiY3JlYXRlIjoxMjAwMDAwMDAwMDAwLCJkZWxldGUiOjEyMDAwMDAwMDAwMDAsInVwZGF0ZSI6MTIwMDAwMDAwMDAwMH19",
          "dependencies": [
            "module.vcn.data.oci_core_services.all_oci_services",
            "module.vcn.module.drg_from_vcn_module.oci_core_drg.drg",
            "module.vcn.oci_core_nat_gateway.nat_gateway",
            "module.vcn.oci_core_service_gateway.service_gateway",
            "module.vcn.oci_core_vcn.vcn"
          ]
        }
      ]
    },
    {
      "module": "module.vcn",
      "mode": "managed",
      "type": "oci_core_service_gateway",
      "name": "service_gateway",
      "provider": "provider[\"registry.terraform.io/hashicorp/oci\"]",
      "instances": [
        {
          "index_key": 0,
          "schema_version": 0,
          "attributes": {
            "block_traffic": false,
            "compartment_id": "ocid1.compartment.oc1..aaaaaaaaz362qxneyuw7vialsglurkwrr47aa55dmqctpb42tlcppcto5y6q",
            "defined_tags": {
              "GlobalNS.root_username_tag": "oracleidentitycloudservice/joshua.fordyce@oracle.com"
            },
            "display_name": "service-gateway",
            "freeform_tags": {
              "module": "oracle-terraform-modules/vcn/oci",
              "terraformed": "Please do not edit manually"
            },
            "id": "ocid1.servicegateway.oc1.iad.aaaaaaaavw6zth7t2mnfdq2hyqsorq6v5wwewukgpzpf5avpjudjr33micka",
            "route_table_id": null,
            "services": [
              {
                "service_id": "ocid1.service.oc1.iad.aaaaaaaam4zfmy2rjue6fmglumm3czgisxzrnvrwqeodtztg7hwa272mlfna",
                "service_name": "All IAD Services In Oracle Services Network"
              }
            ],
            "state": "AVAILABLE",
            "time_created": "2023-12-10 03:04:10.429 +0000 UTC",
            "timeouts": null,
            "vcn_id": "ocid1.vcn.oc1.iad.amaaaaaa3vux2giak5zeu5rq5nj5bdkzegfuyulnqdtg4rcwjdnhtpa5kx2a"
          },
          "sensitive_attributes": [],
          "private": "eyJlMmJmYjczMC1lY2FhLTExZTYtOGY4OC0zNDM2M2JjN2M0YzAiOnsiY3JlYXRlIjoxMjAwMDAwMDAwMDAwLCJkZWxldGUiOjEyMDAwMDAwMDAwMDAsInVwZGF0ZSI6MTIwMDAwMDAwMDAwMH19",
          "dependencies": [
            "module.vcn.data.oci_core_services.all_oci_services",
            "module.vcn.oci_core_vcn.vcn"
          ]
        }
      ]
    },
    {
      "module": "module.vcn",
      "mode": "managed",
      "type": "oci_core_vcn",
      "name": "vcn",
      "provider": "provider[\"registry.terraform.io/hashicorp/oci\"]",
      "instances": [
        {
          "schema_version": 0,
          "attributes": {
            "byoipv6cidr_blocks": [],
            "byoipv6cidr_details": [],
            "cidr_block": "10.0.0.0/16",
            "cidr_blocks": [
              "10.0.0.0/16"
            ],
            "compartment_id": "ocid1.compartment.oc1..aaaaaaaaz362qxneyuw7vialsglurkwrr47aa55dmqctpb42tlcppcto5y6q",
            "default_dhcp_options_id": "ocid1.dhcpoptions.oc1.iad.aaaaaaaaavtj6ui6krr4g5m3k72ynz3kilvxwusxhcccc5umpnol2dzppywq",
            "default_route_table_id": "ocid1.routetable.oc1.iad.aaaaaaaalrlwa4c6ew2vrckacoiww6w377y6hjjp2dgdm5r3aintqtutak2a",
            "default_security_list_id": "ocid1.securitylist.oc1.iad.aaaaaaaagjo3ig5cbbfjrx4j2rcgf5qlpj3t66dn752kiqjduorcs2fw4kmq",
            "defined_tags": {
              "GlobalNS.root_username_tag": "oracleidentitycloudservice/joshua.fordyce@oracle.com"
            },
            "display_name": "vcn-module",
            "dns_label": "vcnmodule",
            "freeform_tags": {
              "module": "oracle-terraform-modules/vcn/oci",
              "terraformed": "Please do not edit manually"
            },
            "id": "ocid1.vcn.oc1.iad.amaaaaaa3vux2giak5zeu5rq5nj5bdkzegfuyulnqdtg4rcwjdnhtpa5kx2a",
            "ipv6cidr_blocks": [],
            "ipv6private_cidr_blocks": [],
            "is_ipv6enabled": false,
            "is_oracle_gua_allocation_enabled": null,
            "state": "AVAILABLE",
            "time_created": "2023-12-10 03:04:08.793 +0000 UTC",
            "timeouts": null,
            "vcn_domain_name": "vcnmodule.oraclevcn.com"
          },
          "sensitive_attributes": [],
          "private": "eyJlMmJmYjczMC1lY2FhLTExZTYtOGY4OC0zNDM2M2JjN2M0YzAiOnsiY3JlYXRlIjoxMjAwMDAwMDAwMDAwLCJkZWxldGUiOjEyMDAwMDAwMDAwMDAsInVwZGF0ZSI6MTIwMDAwMDAwMDAwMH19"
        }
      ]
    }
  ],
  "check_results": null
}
